
Microsoft Visual Studio Solution File, Format Version 12.00
# Visual Studio 15
VisualStudioVersion = 15.0.28307.572
MinimumVisualStudioVersion = 10.0.40219.1
Project("{FAE04EC0-301F-11D3-BF4B-00C04F79EFBC}") = "5. Generic Count Method Strings", "5. Generic Count Method Strings\5. Generic Count Method Strings.csproj", "{2EE28BD9-DE26-41D3-A082-2EC80ABF965C}"
EndProject
Global
	GlobalSection(SolutionConfigurationPlatforms) = preSolution
		Debug|Any CPU = Debug|Any CPU
		Release|Any CPU = Release|Any CPU
	EndGlobalSection
	GlobalSection(ProjectConfigurationPlatforms) = postSolution
		{2EE28BD9-DE26-41D3-A082-2EC80ABF965C}.Debug|Any CPU.ActiveCfg = Debug|Any CPU
		{2EE28BD9-DE26-41D3-A082-2EC80ABF965C}.Debug|Any CPU.Build.0 = Debug|Any CPU
		{2EE28BD9-DE26-41D3-A082-2EC80ABF965C}.Release|Any CPU.ActiveCfg = Release|Any CPU
		{2EE28BD9-DE26-41D3-A082-2EC80ABF965C}.Release|Any CPU.Build.0 = Release|Any CPU
	EndGlobalSection
	GlobalSection(SolutionProperties) = preSolution
		HideSolutionNode = FALSE
	EndGlobalSection
	GlobalSection(ExtensibilityGlobals) = postSolution
		SolutionGuid = {FCC6B098-ABB5-4E2D-B11E-AD0F8E61F989}
	EndGlobalSection
EndGlobal
